
Microsoft Visual Studio Solution File, Format Version 12.00
# Visual Studio Version 17
VisualStudioVersion = 17.6.33723.286
MinimumVisualStudioVersion = 10.0.40219.1
Project("{9A19103F-16F7-4668-BE54-9A1E7A4F7556}") = "EbestTradeBot.Client", "EbestTradeBot.Client\EbestTradeBot.Client.csproj", "{D5D4BEC9-0BAE-4D8B-B50C-25C23259A677}"
EndProject
Project("{9A19103F-16F7-4668-BE54-9A1E7A4F7556}") = "EbestTradeBot.Shared", "EbestTradeBot.Shared\EbestTradeBot.Shared.csproj", "{3DE5D1F4-040E-416B-9A7E-7DEB756684F1}"
EndProject
Global
	GlobalSection(SolutionConfigurationPlatforms) = preSolution
		Debug|Any CPU = Debug|Any CPU
		Debug|x86 = Debug|x86
		Release|Any CPU = Release|Any CPU
		Release|x86 = Release|x86
	EndGlobalSection
	GlobalSection(ProjectConfigurationPlatforms) = postSolution
		{D5D4BEC9-0BAE-4D8B-B50C-25C23259A677}.Debug|Any CPU.ActiveCfg = Debug|Any CPU
		{D5D4BEC9-0BAE-4D8B-B50C-25C23259A677}.Debug|Any CPU.Build.0 = Debug|Any CPU
		{D5D4BEC9-0BAE-4D8B-B50C-25C23259A677}.Debug|x86.ActiveCfg = Debug|x86
		{D5D4BEC9-0BAE-4D8B-B50C-25C23259A677}.Debug|x86.Build.0 = Debug|x86
		{D5D4BEC9-0BAE-4D8B-B50C-25C23259A677}.Release|Any CPU.ActiveCfg = Release|Any CPU
		{D5D4BEC9-0BAE-4D8B-B50C-25C23259A677}.Release|Any CPU.Build.0 = Release|Any CPU
		{D5D4BEC9-0BAE-4D8B-B50C-25C23259A677}.Release|x86.ActiveCfg = Release|x86
		{D5D4BEC9-0BAE-4D8B-B50C-25C23259A677}.Release|x86.Build.0 = Release|x86
		{3DE5D1F4-040E-416B-9A7E-7DEB756684F1}.Debug|Any CPU.ActiveCfg = Debug|Any CPU
		{3DE5D1F4-040E-416B-9A7E-7DEB756684F1}.Debug|Any CPU.Build.0 = Debug|Any CPU
		{3DE5D1F4-040E-416B-9A7E-7DEB756684F1}.Debug|x86.ActiveCfg = Debug|x86
		{3DE5D1F4-040E-416B-9A7E-7DEB756684F1}.Debug|x86.Build.0 = Debug|x86
		{3DE5D1F4-040E-416B-9A7E-7DEB756684F1}.Release|Any CPU.ActiveCfg = Release|Any CPU
		{3DE5D1F4-040E-416B-9A7E-7DEB756684F1}.Release|Any CPU.Build.0 = Release|Any CPU
		{3DE5D1F4-040E-416B-9A7E-7DEB756684F1}.Release|x86.ActiveCfg = Release|x86
		{3DE5D1F4-040E-416B-9A7E-7DEB756684F1}.Release|x86.Build.0 = Release|x86
	EndGlobalSection
	GlobalSection(SolutionProperties) = preSolution
		HideSolutionNode = FALSE
	EndGlobalSection
	GlobalSection(ExtensibilityGlobals) = postSolution
		SolutionGuid = {C92F09AF-DF05-4AA7-A0FA-256377285C21}
	EndGlobalSection
EndGlobal
